
Microsoft Visual Studio Solution File, Format Version 12.00
# Visual Studio Version 17
VisualStudioVersion = 17.5.002.0
MinimumVisualStudioVersion = 10.0.40219.1
Project("{FAE04EC0-301F-11D3-BF4B-00C04F79EFBC}") = "Api.Tests", "Api.Tests\Api.Tests.csproj", "{213E1947-B9BF-4DDB-A556-3EAA2D6A7D06}"
EndProject
Project("{FAE04EC0-301F-11D3-BF4B-00C04F79EFBC}") = "TodoApi", "Api\TodoApi.csproj", "{746FC2A9-EEE1-4631-A5CF-190788618B2B}"
EndProject
Global
	GlobalSection(SolutionConfigurationPlatforms) = preSolution
		Debug|Any CPU = Debug|Any CPU
		Release|Any CPU = Release|Any CPU
	EndGlobalSection
	GlobalSection(ProjectConfigurationPlatforms) = postSolution
		{C3BEB64E-611F-4FFE-9588-212E5F477714}.Debug|Any CPU.ActiveCfg = Debug|Any CPU
		{C3BEB64E-611F-4FFE-9588-212E5F477714}.Debug|Any CPU.Build.0 = Debug|Any CPU
		{C3BEB64E-611F-4FFE-9588-212E5F477714}.Release|Any CPU.ActiveCfg = Release|Any CPU
		{C3BEB64E-611F-4FFE-9588-212E5F477714}.Release|Any CPU.Build.0 = Release|Any CPU
		{213E1947-B9BF-4DDB-A556-3EAA2D6A7D06}.Debug|Any CPU.ActiveCfg = Debug|Any CPU
		{213E1947-B9BF-4DDB-A556-3EAA2D6A7D06}.Debug|Any CPU.Build.0 = Debug|Any CPU
		{213E1947-B9BF-4DDB-A556-3EAA2D6A7D06}.Release|Any CPU.ActiveCfg = Release|Any CPU
		{213E1947-B9BF-4DDB-A556-3EAA2D6A7D06}.Release|Any CPU.Build.0 = Release|Any CPU
		{746FC2A9-EEE1-4631-A5CF-190788618B2B}.Debug|Any CPU.ActiveCfg = Debug|Any CPU
		{746FC2A9-EEE1-4631-A5CF-190788618B2B}.Debug|Any CPU.Build.0 = Debug|Any CPU
		{746FC2A9-EEE1-4631-A5CF-190788618B2B}.Release|Any CPU.ActiveCfg = Release|Any CPU
		{746FC2A9-EEE1-4631-A5CF-190788618B2B}.Release|Any CPU.Build.0 = Release|Any CPU
	EndGlobalSection
	GlobalSection(SolutionProperties) = preSolution
		HideSolutionNode = FALSE
	EndGlobalSection
	GlobalSection(ExtensibilityGlobals) = postSolution
		SolutionGuid = {11F69231-E864-4C05-B2B1-B2DE70693508}
	EndGlobalSection
EndGlobal
