
Microsoft Visual Studio Solution File, Format Version 12.00
# Visual Studio Version 17
VisualStudioVersion = 17.5.002.0
MinimumVisualStudioVersion = 10.0.40219.1
Project("{9A19103F-16F7-4668-BE54-9A1E7A4F7556}") = "TodoApi", "TodoApi.csproj", "{C3BEB64E-611F-4FFE-9588-212E5F477714}"
EndProject
Global
	GlobalSection(SolutionConfigurationPlatforms) = preSolution
		Debug|Any CPU = Debug|Any CPU
		Release|Any CPU = Release|Any CPU
	EndGlobalSection
	GlobalSection(ProjectConfigurationPlatforms) = postSolution
		{C3BEB64E-611F-4FFE-9588-212E5F477714}.Debug|Any CPU.ActiveCfg = Debug|Any CPU
		{C3BEB64E-611F-4FFE-9588-212E5F477714}.Debug|Any CPU.Build.0 = Debug|Any CPU
		{C3BEB64E-611F-4FFE-9588-212E5F477714}.Release|Any CPU.ActiveCfg = Release|Any CPU
		{C3BEB64E-611F-4FFE-9588-212E5F477714}.Release|Any CPU.Build.0 = Release|Any CPU
	EndGlobalSection
	GlobalSection(SolutionProperties) = preSolution
		HideSolutionNode = FALSE
	EndGlobalSection
	GlobalSection(ExtensibilityGlobals) = postSolution
		SolutionGuid = {11F69231-E864-4C05-B2B1-B2DE70693508}
	EndGlobalSection
EndGlobal
